// !$*UTF8*$!
{
	archiveVersion = 1;
	classes = {
	};
	objectVersion = 56;
	objects = {

/* Begin PBXBuildFile section */
		30F74C852AC13AE4002BF83E /* AppDelegate.swift in Sources */ = {isa = PBXBuildFile; fileRef = 30F74C842AC13AE4002BF83E /* AppDelegate.swift */; };
		30F74C892AC13AE4002BF83E /* ViewController.swift in Sources */ = {isa = PBXBuildFile; fileRef = 30F74C882AC13AE4002BF83E /* ViewController.swift */; };
		30F74C8E2AC13AE5002BF83E /* Assets.xcassets in Resources */ = {isa = PBXBuildFile; fileRef = 30F74C8D2AC13AE5002BF83E /* Assets.xcassets */; };
		30F74C912AC13AE5002BF83E /* LaunchScreen.storyboard in Resources */ = {isa = PBXBuildFile; fileRef = 30F74C8F2AC13AE5002BF83E /* LaunchScreen.storyboard */; };
		EB6923F92AC170C90027143D /* WeatherView.swift in Sources */ = {isa = PBXBuildFile; fileRef = EB6923F82AC170C90027143D /* WeatherView.swift */; };
		EB6923FB2AC170F00027143D /* WeatherViewModel.swift in Sources */ = {isa = PBXBuildFile; fileRef = EB6923FA2AC170F00027143D /* WeatherViewModel.swift */; };
		EB6923FD2AC170FF0027143D /* WeatherViewController.swift in Sources */ = {isa = PBXBuildFile; fileRef = EB6923FC2AC170FF0027143D /* WeatherViewController.swift */; };
		EB6923FF2AC179D50027143D /* TodayCollectionViewCell.swift in Sources */ = {isa = PBXBuildFile; fileRef = EB6923FE2AC179D50027143D /* TodayCollectionViewCell.swift */; };
		EB6924012AC17A090027143D /* DayCollectionViewCell.swift in Sources */ = {isa = PBXBuildFile; fileRef = EB6924002AC17A090027143D /* DayCollectionViewCell.swift */; };
/* End PBXBuildFile section */

/* Begin PBXFileReference section */
		30F74C812AC13AE4002BF83E /* WeatherApp-nbc.app */ = {isa = PBXFileReference; explicitFileType = wrapper.application; includeInIndex = 0; path = "WeatherApp-nbc.app"; sourceTree = BUILT_PRODUCTS_DIR; };
		30F74C842AC13AE4002BF83E /* AppDelegate.swift */ = {isa = PBXFileReference; lastKnownFileType = sourcecode.swift; path = AppDelegate.swift; sourceTree = "<group>"; };
		30F74C882AC13AE4002BF83E /* ViewController.swift */ = {isa = PBXFileReference; lastKnownFileType = sourcecode.swift; path = ViewController.swift; sourceTree = "<group>"; };
		30F74C8D2AC13AE5002BF83E /* Assets.xcassets */ = {isa = PBXFileReference; lastKnownFileType = folder.assetcatalog; path = Assets.xcassets; sourceTree = "<group>"; };
		30F74C902AC13AE5002BF83E /* Base */ = {isa = PBXFileReference; lastKnownFileType = file.storyboard; name = Base; path = Base.lproj/LaunchScreen.storyboard; sourceTree = "<group>"; };
		30F74C922AC13AE5002BF83E /* Info.plist */ = {isa = PBXFileReference; lastKnownFileType = text.plist.xml; path = Info.plist; sourceTree = "<group>"; };
		EB6923F82AC170C90027143D /* WeatherView.swift */ = {isa = PBXFileReference; lastKnownFileType = sourcecode.swift; path = WeatherView.swift; sourceTree = "<group>"; };
		EB6923FA2AC170F00027143D /* WeatherViewModel.swift */ = {isa = PBXFileReference; lastKnownFileType = sourcecode.swift; path = WeatherViewModel.swift; sourceTree = "<group>"; };
		EB6923FC2AC170FF0027143D /* WeatherViewController.swift */ = {isa = PBXFileReference; lastKnownFileType = sourcecode.swift; path = WeatherViewController.swift; sourceTree = "<group>"; };
		EB6923FE2AC179D50027143D /* TodayCollectionViewCell.swift */ = {isa = PBXFileReference; lastKnownFileType = sourcecode.swift; path = TodayCollectionViewCell.swift; sourceTree = "<group>"; };
		EB6924002AC17A090027143D /* DayCollectionViewCell.swift */ = {isa = PBXFileReference; lastKnownFileType = sourcecode.swift; path = DayCollectionViewCell.swift; sourceTree = "<group>"; };
/* End PBXFileReference section */

/* Begin PBXFrameworksBuildPhase section */
		30F74C7E2AC13AE4002BF83E /* Frameworks */ = {
			isa = PBXFrameworksBuildPhase;
			buildActionMask = 2147483647;
			files = (
			);
			runOnlyForDeploymentPostprocessing = 0;
		};
/* End PBXFrameworksBuildPhase section */

/* Begin PBXGroup section */
		30F74C782AC13AE4002BF83E = {
			isa = PBXGroup;
			children = (
				30F74C832AC13AE4002BF83E /* WeatherApp-nbc */,
				30F74C822AC13AE4002BF83E /* Products */,
			);
			sourceTree = "<group>";
		};
		30F74C822AC13AE4002BF83E /* Products */ = {
			isa = PBXGroup;
			children = (
				30F74C812AC13AE4002BF83E /* WeatherApp-nbc.app */,
			);
			name = Products;
			sourceTree = "<group>";
		};
		30F74C832AC13AE4002BF83E /* WeatherApp-nbc */ = {
			isa = PBXGroup;
			children = (
				30F74C842AC13AE4002BF83E /* AppDelegate.swift */,
				30F74C882AC13AE4002BF83E /* ViewController.swift */,
				30F74C8D2AC13AE5002BF83E /* Assets.xcassets */,
				30F74C8F2AC13AE5002BF83E /* LaunchScreen.storyboard */,
				30F74C922AC13AE5002BF83E /* Info.plist */,
				EB6923F82AC170C90027143D /* WeatherView.swift */,
				EB6923FA2AC170F00027143D /* WeatherViewModel.swift */,
				EB6923FC2AC170FF0027143D /* WeatherViewController.swift */,
				EB6923FE2AC179D50027143D /* TodayCollectionViewCell.swift */,
				EB6924002AC17A090027143D /* DayCollectionViewCell.swift */,
			);
			path = "WeatherApp-nbc";
			sourceTree = "<group>";
		};
/* End PBXGroup section */

/* Begin PBXNativeTarget section */
		30F74C802AC13AE4002BF83E /* WeatherApp-nbc */ = {
			isa = PBXNativeTarget;
			buildConfigurationList = 30F74C952AC13AE5002BF83E /* Build configuration list for PBXNativeTarget "WeatherApp-nbc" */;
			buildPhases = (
				30F74C7D2AC13AE4002BF83E /* Sources */,
				30F74C7E2AC13AE4002BF83E /* Frameworks */,
				30F74C7F2AC13AE4002BF83E /* Resources */,
			);
			buildRules = (
			);
			dependencies = (
			);
			name = "WeatherApp-nbc";
			productName = "WeatherApp-nbc";
			productReference = 30F74C812AC13AE4002BF83E /* WeatherApp-nbc.app */;
			productType = "com.apple.product-type.application";
		};
/* End PBXNativeTarget section */

/* Begin PBXProject section */
		30F74C792AC13AE4002BF83E /* Project object */ = {
			isa = PBXProject;
			attributes = {
				BuildIndependentTargetsInParallel = 1;
				LastSwiftUpdateCheck = 1430;
				LastUpgradeCheck = 1430;
				TargetAttributes = {
					30F74C802AC13AE4002BF83E = {
						CreatedOnToolsVersion = 14.3.1;
					};
				};
			};
			buildConfigurationList = 30F74C7C2AC13AE4002BF83E /* Build configuration list for PBXProject "WeatherApp-nbc" */;
			compatibilityVersion = "Xcode 14.0";
			developmentRegion = en;
			hasScannedForEncodings = 0;
			knownRegions = (
				en,
				Base,
			);
			mainGroup = 30F74C782AC13AE4002BF83E;
			productRefGroup = 30F74C822AC13AE4002BF83E /* Products */;
			projectDirPath = "";
			projectRoot = "";
			targets = (
				30F74C802AC13AE4002BF83E /* WeatherApp-nbc */,
			);
		};
/* End PBXProject section */

/* Begin PBXResourcesBuildPhase section */
		30F74C7F2AC13AE4002BF83E /* Resources */ = {
			isa = PBXResourcesBuildPhase;
			buildActionMask = 2147483647;
			files = (
				30F74C912AC13AE5002BF83E /* LaunchScreen.storyboard in Resources */,
				30F74C8E2AC13AE5002BF83E /* Assets.xcassets in Resources */,
			);
			runOnlyForDeploymentPostprocessing = 0;
		};
/* End PBXResourcesBuildPhase section */

/* Begin PBXSourcesBuildPhase section */
		30F74C7D2AC13AE4002BF83E /* Sources */ = {
			isa = PBXSourcesBuildPhase;
			buildActionMask = 2147483647;
			files = (
				EB6923FF2AC179D50027143D /* TodayCollectionViewCell.swift in Sources */,
				EB6923F92AC170C90027143D /* WeatherView.swift in Sources */,
				EB6923FD2AC170FF0027143D /* WeatherViewController.swift in Sources */,
				EB6923FB2AC170F00027143D /* WeatherViewModel.swift in Sources */,
				EB6924012AC17A090027143D /* DayCollectionViewCell.swift in Sources */,
				30F74C892AC13AE4002BF83E /* ViewController.swift in Sources */,
				30F74C852AC13AE4002BF83E /* AppDelegate.swift in Sources */,
			);
			runOnlyForDeploymentPostprocessing = 0;
		};
/* End PBXSourcesBuildPhase section */

/* Begin PBXVariantGroup section */
		30F74C8F2AC13AE5002BF83E /* LaunchScreen.storyboard */ = {
			isa = PBXVariantGroup;
			children = (
				30F74C902AC13AE5002BF83E /* Base */,
			);
			name = LaunchScreen.storyboard;
			sourceTree = "<group>";
		};
/* End PBXVariantGroup section */

/* Begin XCBuildConfiguration section */
		30F74C932AC13AE5002BF83E /* Debug */ = {
			isa = XCBuildConfiguration;
			buildSettings = {
				ALWAYS_SEARCH_USER_PATHS = NO;
				CLANG_ANALYZER_NONNULL = YES;
				CLANG_ANALYZER_NUMBER_OBJECT_CONVERSION = YES_AGGRESSIVE;
				CLANG_CXX_LANGUAGE_STANDARD = "gnu++20";
				CLANG_ENABLE_MODULES = YES;
				CLANG_ENABLE_OBJC_ARC = YES;
				CLANG_ENABLE_OBJC_WEAK = YES;
				CLANG_WARN_BLOCK_CAPTURE_AUTORELEASING = YES;
				CLANG_WARN_BOOL_CONVERSION = YES;
				CLANG_WARN_COMMA = YES;
				CLANG_WARN_CONSTANT_CONVERSION = YES;
				CLANG_WARN_DEPRECATED_OBJC_IMPLEMENTATIONS = YES;
				CLANG_WARN_DIRECT_OBJC_ISA_USAGE = YES_ERROR;
				CLANG_WARN_DOCUMENTATION_COMMENTS = YES;
				CLANG_WARN_EMPTY_BODY = YES;
				CLANG_WARN_ENUM_CONVERSION = YES;
				CLANG_WARN_INFINITE_RECURSION = YES;
				CLANG_WARN_INT_CONVERSION = YES;
				CLANG_WARN_NON_LITERAL_NULL_CONVERSION = YES;
				CLANG_WARN_OBJC_IMPLICIT_RETAIN_SELF = YES;
				CLANG_WARN_OBJC_LITERAL_CONVERSION = YES;
				CLANG_WARN_OBJC_ROOT_CLASS = YES_ERROR;
				CLANG_WARN_QUOTED_INCLUDE_IN_FRAMEWORK_HEADER = YES;
				CLANG_WARN_RANGE_LOOP_ANALYSIS = YES;
				CLANG_WARN_STRICT_PROTOTYPES = YES;
				CLANG_WARN_SUSPICIOUS_MOVE = YES;
				CLANG_WARN_UNGUARDED_AVAILABILITY = YES_AGGRESSIVE;
				CLANG_WARN_UNREACHABLE_CODE = YES;
				CLANG_WARN__DUPLICATE_METHOD_MATCH = YES;
				COPY_PHASE_STRIP = NO;
				DEBUG_INFORMATION_FORMAT = dwarf;
				ENABLE_STRICT_OBJC_MSGSEND = YES;
				ENABLE_TESTABILITY = YES;
				GCC_C_LANGUAGE_STANDARD = gnu11;
				GCC_DYNAMIC_NO_PIC = NO;
				GCC_NO_COMMON_BLOCKS = YES;
				GCC_OPTIMIZATION_LEVEL = 0;
				GCC_PREPROCESSOR_DEFINITIONS = (
					"DEBUG=1",
					"$(inherited)",
				);
				GCC_WARN_64_TO_32_BIT_CONVERSION = YES;
				GCC_WARN_ABOUT_RETURN_TYPE = YES_ERROR;
				GCC_WARN_UNDECLARED_SELECTOR = YES;
				GCC_WARN_UNINITIALIZED_AUTOS = YES_AGGRESSIVE;
				GCC_WARN_UNUSED_FUNCTION = YES;
				GCC_WARN_UNUSED_VARIABLE = YES;
				IPHONEOS_DEPLOYMENT_TARGET = 16.4;
				MTL_ENABLE_DEBUG_INFO = INCLUDE_SOURCE;
				MTL_FAST_MATH = YES;
				ONLY_ACTIVE_ARCH = YES;
				SDKROOT = iphoneos;
				SWIFT_ACTIVE_COMPILATION_CONDITIONS = DEBUG;
				SWIFT_OPTIMIZATION_LEVEL = "-Onone";
			};
			name = Debug;
		};
		30F74C942AC13AE5002BF83E /* Release */ = {
			isa = XCBuildConfiguration;
			buildSettings = {
				ALWAYS_SEARCH_USER_PATHS = NO;
				CLANG_ANALYZER_NONNULL = YES;
				CLANG_ANALYZER_NUMBER_OBJECT_CONVERSION = YES_AGGRESSIVE;
				CLANG_CXX_LANGUAGE_STANDARD = "gnu++20";
				CLANG_ENABLE_MODULES = YES;
				CLANG_ENABLE_OBJC_ARC = YES;
				CLANG_ENABLE_OBJC_WEAK = YES;
				CLANG_WARN_BLOCK_CAPTURE_AUTORELEASING = YES;
				CLANG_WARN_BOOL_CONVERSION = YES;
				CLANG_WARN_COMMA = YES;
				CLANG_WARN_CONSTANT_CONVERSION = YES;
				CLANG_WARN_DEPRECATED_OBJC_IMPLEMENTATIONS = YES;
				CLANG_WARN_DIRECT_OBJC_ISA_USAGE = YES_ERROR;
				CLANG_WARN_DOCUMENTATION_COMMENTS = YES;
				CLANG_WARN_EMPTY_BODY = YES;
				CLANG_WARN_ENUM_CONVERSION = YES;
				CLANG_WARN_INFINITE_RECURSION = YES;
				CLANG_WARN_INT_CONVERSION = YES;
				CLANG_WARN_NON_LITERAL_NULL_CONVERSION = YES;
				CLANG_WARN_OBJC_IMPLICIT_RETAIN_SELF = YES;
				CLANG_WARN_OBJC_LITERAL_CONVERSION = YES;
				CLANG_WARN_OBJC_ROOT_CLASS = YES_ERROR;
				CLANG_WARN_QUOTED_INCLUDE_IN_FRAMEWORK_HEADER = YES;
				CLANG_WARN_RANGE_LOOP_ANALYSIS = YES;
				CLANG_WARN_STRICT_PROTOTYPES = YES;
				CLANG_WARN_SUSPICIOUS_MOVE = YES;
				CLANG_WARN_UNGUARDED_AVAILABILITY = YES_AGGRESSIVE;
				CLANG_WARN_UNREACHABLE_CODE = YES;
				CLANG_WARN__DUPLICATE_METHOD_MATCH = YES;
				COPY_PHASE_STRIP = NO;
				DEBUG_INFORMATION_FORMAT = "dwarf-with-dsym";
				ENABLE_NS_ASSERTIONS = NO;
				ENABLE_STRICT_OBJC_MSGSEND = YES;
				GCC_C_LANGUAGE_STANDARD = gnu11;
				GCC_NO_COMMON_BLOCKS = YES;
				GCC_WARN_64_TO_32_BIT_CONVERSION = YES;
				GCC_WARN_ABOUT_RETURN_TYPE = YES_ERROR;
				GCC_WARN_UNDECLARED_SELECTOR = YES;
				GCC_WARN_UNINITIALIZED_AUTOS = YES_AGGRESSIVE;
				GCC_WARN_UNUSED_FUNCTION = YES;
				GCC_WARN_UNUSED_VARIABLE = YES;
				IPHONEOS_DEPLOYMENT_TARGET = 16.4;
				MTL_ENABLE_DEBUG_INFO = NO;
				MTL_FAST_MATH = YES;
				SDKROOT = iphoneos;
				SWIFT_COMPILATION_MODE = wholemodule;
				SWIFT_OPTIMIZATION_LEVEL = "-O";
				VALIDATE_PRODUCT = YES;
			};
			name = Release;
		};
		30F74C962AC13AE5002BF83E /* Debug */ = {
			isa = XCBuildConfiguration;
			buildSettings = {
				ASSETCATALOG_COMPILER_APPICON_NAME = AppIcon;
				ASSETCATALOG_COMPILER_GLOBAL_ACCENT_COLOR_NAME = AccentColor;
				CODE_SIGN_STYLE = Automatic;
				CURRENT_PROJECT_VERSION = 1;
				GENERATE_INFOPLIST_FILE = YES;
				INFOPLIST_FILE = "WeatherApp-nbc/Info.plist";
				INFOPLIST_KEY_UIApplicationSupportsIndirectInputEvents = YES;
				INFOPLIST_KEY_UILaunchStoryboardName = LaunchScreen;
				INFOPLIST_KEY_UISupportedInterfaceOrientations_iPad = "UIInterfaceOrientationPortrait UIInterfaceOrientationPortraitUpsideDown UIInterfaceOrientationLandscapeLeft UIInterfaceOrientationLandscapeRight";
				INFOPLIST_KEY_UISupportedInterfaceOrientations_iPhone = "UIInterfaceOrientationPortrait UIInterfaceOrientationLandscapeLeft UIInterfaceOrientationLandscapeRight";
				LD_RUNPATH_SEARCH_PATHS = (
					"$(inherited)",
					"@executable_path/Frameworks",
				);
				MARKETING_VERSION = 1.0;
				PRODUCT_BUNDLE_IDENTIFIER = "com.sr.WeatherApp-nbc";
				PRODUCT_NAME = "$(TARGET_NAME)";
				SWIFT_EMIT_LOC_STRINGS = YES;
				SWIFT_VERSION = 5.0;
				TARGETED_DEVICE_FAMILY = "1,2";
			};
			name = Debug;
		};
		30F74C972AC13AE5002BF83E /* Release */ = {
			isa = XCBuildConfiguration;
			buildSettings = {
				ASSETCATALOG_COMPILER_APPICON_NAME = AppIcon;
				ASSETCATALOG_COMPILER_GLOBAL_ACCENT_COLOR_NAME = AccentColor;
				CODE_SIGN_STYLE = Automatic;
				CURRENT_PROJECT_VERSION = 1;
				GENERATE_INFOPLIST_FILE = YES;
				INFOPLIST_FILE = "WeatherApp-nbc/Info.plist";
				INFOPLIST_KEY_UIApplicationSupportsIndirectInputEvents = YES;
				INFOPLIST_KEY_UILaunchStoryboardName = LaunchScreen;
				INFOPLIST_KEY_UISupportedInterfaceOrientations_iPad = "UIInterfaceOrientationPortrait UIInterfaceOrientationPortraitUpsideDown UIInterfaceOrientationLandscapeLeft UIInterfaceOrientationLandscapeRight";
				INFOPLIST_KEY_UISupportedInterfaceOrientations_iPhone = "UIInterfaceOrientationPortrait UIInterfaceOrientationLandscapeLeft UIInterfaceOrientationLandscapeRight";
				LD_RUNPATH_SEARCH_PATHS = (
					"$(inherited)",
					"@executable_path/Frameworks",
				);
				MARKETING_VERSION = 1.0;
				PRODUCT_BUNDLE_IDENTIFIER = "com.sr.WeatherApp-nbc";
				PRODUCT_NAME = "$(TARGET_NAME)";
				SWIFT_EMIT_LOC_STRINGS = YES;
				SWIFT_VERSION = 5.0;
				TARGETED_DEVICE_FAMILY = "1,2";
			};
			name = Release;
		};
/* End XCBuildConfiguration section */

/* Begin XCConfigurationList section */
		30F74C7C2AC13AE4002BF83E /* Build configuration list for PBXProject "WeatherApp-nbc" */ = {
			isa = XCConfigurationList;
			buildConfigurations = (
				30F74C932AC13AE5002BF83E /* Debug */,
				30F74C942AC13AE5002BF83E /* Release */,
			);
			defaultConfigurationIsVisible = 0;
			defaultConfigurationName = Release;
		};
		30F74C952AC13AE5002BF83E /* Build configuration list for PBXNativeTarget "WeatherApp-nbc" */ = {
			isa = XCConfigurationList;
			buildConfigurations = (
				30F74C962AC13AE5002BF83E /* Debug */,
				30F74C972AC13AE5002BF83E /* Release */,
			);
			defaultConfigurationIsVisible = 0;
			defaultConfigurationName = Release;
		};
/* End XCConfigurationList section */
	};
	rootObject = 30F74C792AC13AE4002BF83E /* Project object */;
}
